
Microsoft Visual Studio Solution File, Format Version 12.00
# Visual Studio Version 17
VisualStudioVersion = 17.13.35818.85
MinimumVisualStudioVersion = 10.0.40219.1
Project("{FAE04EC0-301F-11D3-BF4B-00C04F79EFBC}") = "EntityLayer", "EntityLayer\EntityLayer.csproj", "{4426F67A-F419-40F7-8F0B-1CCC0115573A}"
EndProject
Project("{FAE04EC0-301F-11D3-BF4B-00C04F79EFBC}") = "DataAccessLayer", "DataAccessLayer\DataAccessLayer.csproj", "{F91C383F-F80A-42A5-946F-01756FAE8652}"
EndProject
Project("{FAE04EC0-301F-11D3-BF4B-00C04F79EFBC}") = "BusinessLayer", "BusinessLayer\BusinessLayer.csproj", "{688051DA-D321-4093-9077-3030170AE0D6}"
EndProject
Project("{FAE04EC0-301F-11D3-BF4B-00C04F79EFBC}") = "AgriculturePresentation", "AgriculturePresentation\AgriculturePresentation.csproj", "{98A76F10-3BD2-4960-8BC4-625D1C326940}"
EndProject
Global
	GlobalSection(SolutionConfigurationPlatforms) = preSolution
		Debug|Any CPU = Debug|Any CPU
		Release|Any CPU = Release|Any CPU
	EndGlobalSection
	GlobalSection(ProjectConfigurationPlatforms) = postSolution
		{4426F67A-F419-40F7-8F0B-1CCC0115573A}.Debug|Any CPU.ActiveCfg = Debug|Any CPU
		{4426F67A-F419-40F7-8F0B-1CCC0115573A}.Debug|Any CPU.Build.0 = Debug|Any CPU
		{4426F67A-F419-40F7-8F0B-1CCC0115573A}.Release|Any CPU.ActiveCfg = Release|Any CPU
		{4426F67A-F419-40F7-8F0B-1CCC0115573A}.Release|Any CPU.Build.0 = Release|Any CPU
		{F91C383F-F80A-42A5-946F-01756FAE8652}.Debug|Any CPU.ActiveCfg = Debug|Any CPU
		{F91C383F-F80A-42A5-946F-01756FAE8652}.Debug|Any CPU.Build.0 = Debug|Any CPU
		{F91C383F-F80A-42A5-946F-01756FAE8652}.Release|Any CPU.ActiveCfg = Release|Any CPU
		{F91C383F-F80A-42A5-946F-01756FAE8652}.Release|Any CPU.Build.0 = Release|Any CPU
		{688051DA-D321-4093-9077-3030170AE0D6}.Debug|Any CPU.ActiveCfg = Debug|Any CPU
		{688051DA-D321-4093-9077-3030170AE0D6}.Debug|Any CPU.Build.0 = Debug|Any CPU
		{688051DA-D321-4093-9077-3030170AE0D6}.Release|Any CPU.ActiveCfg = Release|Any CPU
		{688051DA-D321-4093-9077-3030170AE0D6}.Release|Any CPU.Build.0 = Release|Any CPU
		{98A76F10-3BD2-4960-8BC4-625D1C326940}.Debug|Any CPU.ActiveCfg = Debug|Any CPU
		{98A76F10-3BD2-4960-8BC4-625D1C326940}.Debug|Any CPU.Build.0 = Debug|Any CPU
		{98A76F10-3BD2-4960-8BC4-625D1C326940}.Release|Any CPU.ActiveCfg = Release|Any CPU
		{98A76F10-3BD2-4960-8BC4-625D1C326940}.Release|Any CPU.Build.0 = Release|Any CPU
	EndGlobalSection
	GlobalSection(SolutionProperties) = preSolution
		HideSolutionNode = FALSE
	EndGlobalSection
	GlobalSection(ExtensibilityGlobals) = postSolution
		SolutionGuid = {F8DAB2AC-1FF5-4C88-9182-10E4109B78BD}
	EndGlobalSection
EndGlobal
